// !$*UTF8*$!
{
	archiveVersion = 1;
	classes = {
	};
	objectVersion = 50;
	objects = {

/* Begin PBXBuildFile section */
		B936BFBC236CD9E0008EB833 /* AppDelegate.swift in Sources */ = {isa = PBXBuildFile; fileRef = B936BFBB236CD9E0008EB833 /* AppDelegate.swift */; };
		B936BFBE236CD9E0008EB833 /* SceneDelegate.swift in Sources */ = {isa = PBXBuildFile; fileRef = B936BFBD236CD9E0008EB833 /* SceneDelegate.swift */; };
		B936BFC0236CD9E0008EB833 /* TradeCardsViewController.swift in Sources */ = {isa = PBXBuildFile; fileRef = B936BFBF236CD9E0008EB833 /* TradeCardsViewController.swift */; };
		B936BFC6236CD9E0008EB833 /* redLuck.xcdatamodeld in Sources */ = {isa = PBXBuildFile; fileRef = B936BFC4236CD9E0008EB833 /* redLuck.xcdatamodeld */; };
		B936BFC8236CD9E2008EB833 /* Assets.xcassets in Resources */ = {isa = PBXBuildFile; fileRef = B936BFC7236CD9E2008EB833 /* Assets.xcassets */; };
		B936BFCB236CD9E2008EB833 /* LaunchScreen.storyboard in Resources */ = {isa = PBXBuildFile; fileRef = B936BFC9236CD9E2008EB833 /* LaunchScreen.storyboard */; };
		B936BFD6236CD9E2008EB833 /* redLuckTests.swift in Sources */ = {isa = PBXBuildFile; fileRef = B936BFD5236CD9E2008EB833 /* redLuckTests.swift */; };
		B936BFE1236CD9E2008EB833 /* redLuckUITests.swift in Sources */ = {isa = PBXBuildFile; fileRef = B936BFE0236CD9E2008EB833 /* redLuckUITests.swift */; };
		B936BFEF236CDCF3008EB833 /* CoreDataManager.swift in Sources */ = {isa = PBXBuildFile; fileRef = B936BFEE236CDCF3008EB833 /* CoreDataManager.swift */; };
		B936BFF3236CFC15008EB833 /* TabBarController.swift in Sources */ = {isa = PBXBuildFile; fileRef = B936BFF2236CFC15008EB833 /* TabBarController.swift */; };
		B936BFF7236CFD17008EB833 /* Settings.swift in Sources */ = {isa = PBXBuildFile; fileRef = B936BFF6236CFD17008EB833 /* Settings.swift */; };
		B936BFF9236CFE4D008EB833 /* TradeCardsTableVC.swift in Sources */ = {isa = PBXBuildFile; fileRef = B936BFF8236CFE4D008EB833 /* TradeCardsTableVC.swift */; };
		B936BFFD236D0449008EB833 /* TradeCardsTableViewCell.swift in Sources */ = {isa = PBXBuildFile; fileRef = B936BFFC236D0449008EB833 /* TradeCardsTableViewCell.swift */; };
		B936C000236D079B008EB833 /* Label.swift in Sources */ = {isa = PBXBuildFile; fileRef = B936BFFF236D079B008EB833 /* Label.swift */; };
		B936C002236D07C2008EB833 /* Button.swift in Sources */ = {isa = PBXBuildFile; fileRef = B936C001236D07C2008EB833 /* Button.swift */; };
		B936C004236D07F6008EB833 /* TextField.swift in Sources */ = {isa = PBXBuildFile; fileRef = B936C003236D07F6008EB833 /* TextField.swift */; };
		B936C006236D0802008EB833 /* TextView.swift in Sources */ = {isa = PBXBuildFile; fileRef = B936C005236D0802008EB833 /* TextView.swift */; };
		B936C008236D1A0C008EB833 /* TradeCardsNavigationController.swift in Sources */ = {isa = PBXBuildFile; fileRef = B936C007236D1A0C008EB833 /* TradeCardsNavigationController.swift */; };
		B936C00A236D1C59008EB833 /* Font.swift in Sources */ = {isa = PBXBuildFile; fileRef = B936C009236D1C59008EB833 /* Font.swift */; };
		B936C00C236D2FAD008EB833 /* UIImageExtension.swift in Sources */ = {isa = PBXBuildFile; fileRef = B936C00B236D2FAD008EB833 /* UIImageExtension.swift */; };
		B936C00E236D3A5F008EB833 /* DummyVC.swift in Sources */ = {isa = PBXBuildFile; fileRef = B936C00D236D3A5F008EB833 /* DummyVC.swift */; };
		B936C010236D3F7D008EB833 /* ExchangeCardsVC.swift in Sources */ = {isa = PBXBuildFile; fileRef = B936C00F236D3F7D008EB833 /* ExchangeCardsVC.swift */; };
		B936C016236D65F5008EB833 /* TradeCardSearchController.swift in Sources */ = {isa = PBXBuildFile; fileRef = B936C015236D65F5008EB833 /* TradeCardSearchController.swift */; };
/* End PBXBuildFile section */

/* Begin PBXContainerItemProxy section */
		B936BFD2236CD9E2008EB833 /* PBXContainerItemProxy */ = {
			isa = PBXContainerItemProxy;
			containerPortal = B936BFB0236CD9E0008EB833 /* Project object */;
			proxyType = 1;
			remoteGlobalIDString = B936BFB7236CD9E0008EB833;
			remoteInfo = redLuck;
		};
		B936BFDD236CD9E2008EB833 /* PBXContainerItemProxy */ = {
			isa = PBXContainerItemProxy;
			containerPortal = B936BFB0236CD9E0008EB833 /* Project object */;
			proxyType = 1;
			remoteGlobalIDString = B936BFB7236CD9E0008EB833;
			remoteInfo = redLuck;
		};
/* End PBXContainerItemProxy section */

/* Begin PBXFileReference section */
		B936BFB8236CD9E0008EB833 /* redLuck.app */ = {isa = PBXFileReference; explicitFileType = wrapper.application; includeInIndex = 0; path = redLuck.app; sourceTree = BUILT_PRODUCTS_DIR; };
		B936BFBB236CD9E0008EB833 /* AppDelegate.swift */ = {isa = PBXFileReference; lastKnownFileType = sourcecode.swift; path = AppDelegate.swift; sourceTree = "<group>"; };
		B936BFBD236CD9E0008EB833 /* SceneDelegate.swift */ = {isa = PBXFileReference; lastKnownFileType = sourcecode.swift; path = SceneDelegate.swift; sourceTree = "<group>"; };
		B936BFBF236CD9E0008EB833 /* TradeCardsViewController.swift */ = {isa = PBXFileReference; lastKnownFileType = sourcecode.swift; path = TradeCardsViewController.swift; sourceTree = "<group>"; };
		B936BFC5236CD9E0008EB833 /* redLuck.xcdatamodel */ = {isa = PBXFileReference; lastKnownFileType = wrapper.xcdatamodel; path = redLuck.xcdatamodel; sourceTree = "<group>"; };
		B936BFC7236CD9E2008EB833 /* Assets.xcassets */ = {isa = PBXFileReference; lastKnownFileType = folder.assetcatalog; path = Assets.xcassets; sourceTree = "<group>"; };
		B936BFCA236CD9E2008EB833 /* Base */ = {isa = PBXFileReference; lastKnownFileType = file.storyboard; name = Base; path = Base.lproj/LaunchScreen.storyboard; sourceTree = "<group>"; };
		B936BFCC236CD9E2008EB833 /* Info.plist */ = {isa = PBXFileReference; lastKnownFileType = text.plist.xml; path = Info.plist; sourceTree = "<group>"; };
		B936BFD1236CD9E2008EB833 /* redLuckTests.xctest */ = {isa = PBXFileReference; explicitFileType = wrapper.cfbundle; includeInIndex = 0; path = redLuckTests.xctest; sourceTree = BUILT_PRODUCTS_DIR; };
		B936BFD5236CD9E2008EB833 /* redLuckTests.swift */ = {isa = PBXFileReference; lastKnownFileType = sourcecode.swift; path = redLuckTests.swift; sourceTree = "<group>"; };
		B936BFD7236CD9E2008EB833 /* Info.plist */ = {isa = PBXFileReference; lastKnownFileType = text.plist.xml; path = Info.plist; sourceTree = "<group>"; };
		B936BFDC236CD9E2008EB833 /* redLuckUITests.xctest */ = {isa = PBXFileReference; explicitFileType = wrapper.cfbundle; includeInIndex = 0; path = redLuckUITests.xctest; sourceTree = BUILT_PRODUCTS_DIR; };
		B936BFE0236CD9E2008EB833 /* redLuckUITests.swift */ = {isa = PBXFileReference; lastKnownFileType = sourcecode.swift; path = redLuckUITests.swift; sourceTree = "<group>"; };
		B936BFE2236CD9E2008EB833 /* Info.plist */ = {isa = PBXFileReference; lastKnownFileType = text.plist.xml; path = Info.plist; sourceTree = "<group>"; };
		B936BFEE236CDCF3008EB833 /* CoreDataManager.swift */ = {isa = PBXFileReference; lastKnownFileType = sourcecode.swift; path = CoreDataManager.swift; sourceTree = "<group>"; };
		B936BFF2236CFC15008EB833 /* TabBarController.swift */ = {isa = PBXFileReference; lastKnownFileType = sourcecode.swift; path = TabBarController.swift; sourceTree = "<group>"; };
		B936BFF6236CFD17008EB833 /* Settings.swift */ = {isa = PBXFileReference; lastKnownFileType = sourcecode.swift; path = Settings.swift; sourceTree = "<group>"; };
		B936BFF8236CFE4D008EB833 /* TradeCardsTableVC.swift */ = {isa = PBXFileReference; lastKnownFileType = sourcecode.swift; path = TradeCardsTableVC.swift; sourceTree = "<group>"; };
		B936BFFC236D0449008EB833 /* TradeCardsTableViewCell.swift */ = {isa = PBXFileReference; lastKnownFileType = sourcecode.swift; path = TradeCardsTableViewCell.swift; sourceTree = "<group>"; };
		B936BFFF236D079B008EB833 /* Label.swift */ = {isa = PBXFileReference; lastKnownFileType = sourcecode.swift; path = Label.swift; sourceTree = "<group>"; };
		B936C001236D07C2008EB833 /* Button.swift */ = {isa = PBXFileReference; lastKnownFileType = sourcecode.swift; path = Button.swift; sourceTree = "<group>"; };
		B936C003236D07F6008EB833 /* TextField.swift */ = {isa = PBXFileReference; lastKnownFileType = sourcecode.swift; path = TextField.swift; sourceTree = "<group>"; };
		B936C005236D0802008EB833 /* TextView.swift */ = {isa = PBXFileReference; lastKnownFileType = sourcecode.swift; path = TextView.swift; sourceTree = "<group>"; };
		B936C007236D1A0C008EB833 /* TradeCardsNavigationController.swift */ = {isa = PBXFileReference; lastKnownFileType = sourcecode.swift; path = TradeCardsNavigationController.swift; sourceTree = "<group>"; };
		B936C009236D1C59008EB833 /* Font.swift */ = {isa = PBXFileReference; lastKnownFileType = sourcecode.swift; path = Font.swift; sourceTree = "<group>"; };
		B936C00B236D2FAD008EB833 /* UIImageExtension.swift */ = {isa = PBXFileReference; lastKnownFileType = sourcecode.swift; path = UIImageExtension.swift; sourceTree = "<group>"; };
		B936C00D236D3A5F008EB833 /* DummyVC.swift */ = {isa = PBXFileReference; lastKnownFileType = sourcecode.swift; path = DummyVC.swift; sourceTree = "<group>"; };
		B936C00F236D3F7D008EB833 /* ExchangeCardsVC.swift */ = {isa = PBXFileReference; lastKnownFileType = sourcecode.swift; path = ExchangeCardsVC.swift; sourceTree = "<group>"; };
		B936C015236D65F5008EB833 /* TradeCardSearchController.swift */ = {isa = PBXFileReference; lastKnownFileType = sourcecode.swift; path = TradeCardSearchController.swift; sourceTree = "<group>"; };
/* End PBXFileReference section */

/* Begin PBXFrameworksBuildPhase section */
		B936BFB5236CD9E0008EB833 /* Frameworks */ = {
			isa = PBXFrameworksBuildPhase;
			buildActionMask = 2147483647;
			files = (
			);
			runOnlyForDeploymentPostprocessing = 0;
		};
		B936BFCE236CD9E2008EB833 /* Frameworks */ = {
			isa = PBXFrameworksBuildPhase;
			buildActionMask = 2147483647;
			files = (
			);
			runOnlyForDeploymentPostprocessing = 0;
		};
		B936BFD9236CD9E2008EB833 /* Frameworks */ = {
			isa = PBXFrameworksBuildPhase;
			buildActionMask = 2147483647;
			files = (
			);
			runOnlyForDeploymentPostprocessing = 0;
		};
/* End PBXFrameworksBuildPhase section */

/* Begin PBXGroup section */
		B936BFAF236CD9E0008EB833 = {
			isa = PBXGroup;
			children = (
				B936BFBA236CD9E0008EB833 /* redLuck */,
				B936BFD4236CD9E2008EB833 /* redLuckTests */,
				B936BFDF236CD9E2008EB833 /* redLuckUITests */,
				B936BFB9236CD9E0008EB833 /* Products */,
			);
			sourceTree = "<group>";
		};
		B936BFB9236CD9E0008EB833 /* Products */ = {
			isa = PBXGroup;
			children = (
				B936BFB8236CD9E0008EB833 /* redLuck.app */,
				B936BFD1236CD9E2008EB833 /* redLuckTests.xctest */,
				B936BFDC236CD9E2008EB833 /* redLuckUITests.xctest */,
			);
			name = Products;
			sourceTree = "<group>";
		};
		B936BFBA236CD9E0008EB833 /* redLuck */ = {
			isa = PBXGroup;
			children = (
				B936BFF5236CFD0C008EB833 /* General */,
				B936BFF1236CEC3D008EB833 /* Controller */,
				B936BFFA236D0251008EB833 /* View */,
				B936BFF0236CDE79008EB833 /* Modal */,
				B936BFC7236CD9E2008EB833 /* Assets.xcassets */,
				B936BFC9236CD9E2008EB833 /* LaunchScreen.storyboard */,
				B936BFCC236CD9E2008EB833 /* Info.plist */,
			);
			path = redLuck;
			sourceTree = "<group>";
		};
		B936BFD4236CD9E2008EB833 /* redLuckTests */ = {
			isa = PBXGroup;
			children = (
				B936BFD5236CD9E2008EB833 /* redLuckTests.swift */,
				B936BFD7236CD9E2008EB833 /* Info.plist */,
			);
			path = redLuckTests;
			sourceTree = "<group>";
		};
		B936BFDF236CD9E2008EB833 /* redLuckUITests */ = {
			isa = PBXGroup;
			children = (
				B936BFE0236CD9E2008EB833 /* redLuckUITests.swift */,
				B936BFE2236CD9E2008EB833 /* Info.plist */,
			);
			path = redLuckUITests;
			sourceTree = "<group>";
		};
		B936BFF0236CDE79008EB833 /* Modal */ = {
			isa = PBXGroup;
			children = (
				B936BFC4236CD9E0008EB833 /* redLuck.xcdatamodeld */,
				B936BFEE236CDCF3008EB833 /* CoreDataManager.swift */,
			);
			path = Modal;
			sourceTree = "<group>";
		};
		B936BFF1236CEC3D008EB833 /* Controller */ = {
			isa = PBXGroup;
			children = (
				B936BFBB236CD9E0008EB833 /* AppDelegate.swift */,
				B936BFBD236CD9E0008EB833 /* SceneDelegate.swift */,
				B936BFF2236CFC15008EB833 /* TabBarController.swift */,
				B936C007236D1A0C008EB833 /* TradeCardsNavigationController.swift */,
				B936C00F236D3F7D008EB833 /* ExchangeCardsVC.swift */,
				B936C00D236D3A5F008EB833 /* DummyVC.swift */,
				B936BFF4236CFC1D008EB833 /* TradeCardsVCs */,
			);
			path = Controller;
			sourceTree = "<group>";
		};
		B936BFF4236CFC1D008EB833 /* TradeCardsVCs */ = {
			isa = PBXGroup;
			children = (
				B936BFBF236CD9E0008EB833 /* TradeCardsViewController.swift */,
				B936BFF8236CFE4D008EB833 /* TradeCardsTableVC.swift */,
				B936C015236D65F5008EB833 /* TradeCardSearchController.swift */,
			);
			path = TradeCardsVCs;
			sourceTree = "<group>";
		};
		B936BFF5236CFD0C008EB833 /* General */ = {
			isa = PBXGroup;
			children = (
				B936BFF6236CFD17008EB833 /* Settings.swift */,
				B936C009236D1C59008EB833 /* Font.swift */,
				B936C00B236D2FAD008EB833 /* UIImageExtension.swift */,
			);
			path = General;
			sourceTree = "<group>";
		};
		B936BFFA236D0251008EB833 /* View */ = {
			isa = PBXGroup;
			children = (
				B936BFFE236D0789008EB833 /* ReusableViews */,
				B936BFFB236D0428008EB833 /* TradeCardsViews */,
			);
			path = View;
			sourceTree = "<group>";
		};
		B936BFFB236D0428008EB833 /* TradeCardsViews */ = {
			isa = PBXGroup;
			children = (
				B936BFFC236D0449008EB833 /* TradeCardsTableViewCell.swift */,
			);
			path = TradeCardsViews;
			sourceTree = "<group>";
		};
		B936BFFE236D0789008EB833 /* ReusableViews */ = {
			isa = PBXGroup;
			children = (
				B936BFFF236D079B008EB833 /* Label.swift */,
				B936C001236D07C2008EB833 /* Button.swift */,
				B936C003236D07F6008EB833 /* TextField.swift */,
				B936C005236D0802008EB833 /* TextView.swift */,
			);
			path = ReusableViews;
			sourceTree = "<group>";
		};
/* End PBXGroup section */

/* Begin PBXNativeTarget section */
		B936BFB7236CD9E0008EB833 /* redLuck */ = {
			isa = PBXNativeTarget;
			buildConfigurationList = B936BFE5236CD9E2008EB833 /* Build configuration list for PBXNativeTarget "redLuck" */;
			buildPhases = (
				B936BFB4236CD9E0008EB833 /* Sources */,
				B936BFB5236CD9E0008EB833 /* Frameworks */,
				B936BFB6236CD9E0008EB833 /* Resources */,
			);
			buildRules = (
			);
			dependencies = (
			);
			name = redLuck;
			productName = redLuck;
			productReference = B936BFB8236CD9E0008EB833 /* redLuck.app */;
			productType = "com.apple.product-type.application";
		};
		B936BFD0236CD9E2008EB833 /* redLuckTests */ = {
			isa = PBXNativeTarget;
			buildConfigurationList = B936BFE8236CD9E2008EB833 /* Build configuration list for PBXNativeTarget "redLuckTests" */;
			buildPhases = (
				B936BFCD236CD9E2008EB833 /* Sources */,
				B936BFCE236CD9E2008EB833 /* Frameworks */,
				B936BFCF236CD9E2008EB833 /* Resources */,
			);
			buildRules = (
			);
			dependencies = (
				B936BFD3236CD9E2008EB833 /* PBXTargetDependency */,
			);
			name = redLuckTests;
			productName = redLuckTests;
			productReference = B936BFD1236CD9E2008EB833 /* redLuckTests.xctest */;
			productType = "com.apple.product-type.bundle.unit-test";
		};
		B936BFDB236CD9E2008EB833 /* redLuckUITests */ = {
			isa = PBXNativeTarget;
			buildConfigurationList = B936BFEB236CD9E2008EB833 /* Build configuration list for PBXNativeTarget "redLuckUITests" */;
			buildPhases = (
				B936BFD8236CD9E2008EB833 /* Sources */,
				B936BFD9236CD9E2008EB833 /* Frameworks */,
				B936BFDA236CD9E2008EB833 /* Resources */,
			);
			buildRules = (
			);
			dependencies = (
				B936BFDE236CD9E2008EB833 /* PBXTargetDependency */,
			);
			name = redLuckUITests;
			productName = redLuckUITests;
			productReference = B936BFDC236CD9E2008EB833 /* redLuckUITests.xctest */;
			productType = "com.apple.product-type.bundle.ui-testing";
		};
/* End PBXNativeTarget section */

/* Begin PBXProject section */
		B936BFB0236CD9E0008EB833 /* Project object */ = {
			isa = PBXProject;
			attributes = {
				LastSwiftUpdateCheck = 1110;
				LastUpgradeCheck = 1110;
				ORGANIZATIONNAME = "Aris Zhu Yi Qing";
				TargetAttributes = {
					B936BFB7236CD9E0008EB833 = {
						CreatedOnToolsVersion = 11.1;
					};
					B936BFD0236CD9E2008EB833 = {
						CreatedOnToolsVersion = 11.1;
						TestTargetID = B936BFB7236CD9E0008EB833;
					};
					B936BFDB236CD9E2008EB833 = {
						CreatedOnToolsVersion = 11.1;
						TestTargetID = B936BFB7236CD9E0008EB833;
					};
				};
			};
			buildConfigurationList = B936BFB3236CD9E0008EB833 /* Build configuration list for PBXProject "redLuck" */;
			compatibilityVersion = "Xcode 9.3";
			developmentRegion = en;
			hasScannedForEncodings = 0;
			knownRegions = (
				en,
				Base,
			);
			mainGroup = B936BFAF236CD9E0008EB833;
			productRefGroup = B936BFB9236CD9E0008EB833 /* Products */;
			projectDirPath = "";
			projectRoot = "";
			targets = (
				B936BFB7236CD9E0008EB833 /* redLuck */,
				B936BFD0236CD9E2008EB833 /* redLuckTests */,
				B936BFDB236CD9E2008EB833 /* redLuckUITests */,
			);
		};
/* End PBXProject section */

/* Begin PBXResourcesBuildPhase section */
		B936BFB6236CD9E0008EB833 /* Resources */ = {
			isa = PBXResourcesBuildPhase;
			buildActionMask = 2147483647;
			files = (
				B936BFCB236CD9E2008EB833 /* LaunchScreen.storyboard in Resources */,
				B936BFC8236CD9E2008EB833 /* Assets.xcassets in Resources */,
			);
			runOnlyForDeploymentPostprocessing = 0;
		};
		B936BFCF236CD9E2008EB833 /* Resources */ = {
			isa = PBXResourcesBuildPhase;
			buildActionMask = 2147483647;
			files = (
			);
			runOnlyForDeploymentPostprocessing = 0;
		};
		B936BFDA236CD9E2008EB833 /* Resources */ = {
			isa = PBXResourcesBuildPhase;
			buildActionMask = 2147483647;
			files = (
			);
			runOnlyForDeploymentPostprocessing = 0;
		};
/* End PBXResourcesBuildPhase section */

/* Begin PBXSourcesBuildPhase section */
		B936BFB4236CD9E0008EB833 /* Sources */ = {
			isa = PBXSourcesBuildPhase;
			buildActionMask = 2147483647;
			files = (
				B936BFF9236CFE4D008EB833 /* TradeCardsTableVC.swift in Sources */,
				B936C00E236D3A5F008EB833 /* DummyVC.swift in Sources */,
				B936BFC0236CD9E0008EB833 /* TradeCardsViewController.swift in Sources */,
				B936C00A236D1C59008EB833 /* Font.swift in Sources */,
				B936BFBC236CD9E0008EB833 /* AppDelegate.swift in Sources */,
				B936C006236D0802008EB833 /* TextView.swift in Sources */,
				B936C004236D07F6008EB833 /* TextField.swift in Sources */,
				B936C016236D65F5008EB833 /* TradeCardSearchController.swift in Sources */,
				B936BFC6236CD9E0008EB833 /* redLuck.xcdatamodeld in Sources */,
				B936C008236D1A0C008EB833 /* TradeCardsNavigationController.swift in Sources */,
				B936BFF3236CFC15008EB833 /* TabBarController.swift in Sources */,
				B936C000236D079B008EB833 /* Label.swift in Sources */,
				B936BFF7236CFD17008EB833 /* Settings.swift in Sources */,
				B936BFFD236D0449008EB833 /* TradeCardsTableViewCell.swift in Sources */,
				B936BFEF236CDCF3008EB833 /* CoreDataManager.swift in Sources */,
				B936BFBE236CD9E0008EB833 /* SceneDelegate.swift in Sources */,
				B936C010236D3F7D008EB833 /* ExchangeCardsVC.swift in Sources */,
				B936C002236D07C2008EB833 /* Button.swift in Sources */,
				B936C00C236D2FAD008EB833 /* UIImageExtension.swift in Sources */,
			);
			runOnlyForDeploymentPostprocessing = 0;
		};
		B936BFCD236CD9E2008EB833 /* Sources */ = {
			isa = PBXSourcesBuildPhase;
			buildActionMask = 2147483647;
			files = (
				B936BFD6236CD9E2008EB833 /* redLuckTests.swift in Sources */,
			);
			runOnlyForDeploymentPostprocessing = 0;
		};
		B936BFD8236CD9E2008EB833 /* Sources */ = {
			isa = PBXSourcesBuildPhase;
			buildActionMask = 2147483647;
			files = (
				B936BFE1236CD9E2008EB833 /* redLuckUITests.swift in Sources */,
			);
			runOnlyForDeploymentPostprocessing = 0;
		};
/* End PBXSourcesBuildPhase section */

/* Begin PBXTargetDependency section */
		B936BFD3236CD9E2008EB833 /* PBXTargetDependency */ = {
			isa = PBXTargetDependency;
			target = B936BFB7236CD9E0008EB833 /* redLuck */;
			targetProxy = B936BFD2236CD9E2008EB833 /* PBXContainerItemProxy */;
		};
		B936BFDE236CD9E2008EB833 /* PBXTargetDependency */ = {
			isa = PBXTargetDependency;
			target = B936BFB7236CD9E0008EB833 /* redLuck */;
			targetProxy = B936BFDD236CD9E2008EB833 /* PBXContainerItemProxy */;
		};
/* End PBXTargetDependency section */

/* Begin PBXVariantGroup section */
		B936BFC9236CD9E2008EB833 /* LaunchScreen.storyboard */ = {
			isa = PBXVariantGroup;
			children = (
				B936BFCA236CD9E2008EB833 /* Base */,
			);
			name = LaunchScreen.storyboard;
			sourceTree = "<group>";
		};
/* End PBXVariantGroup section */

/* Begin XCBuildConfiguration section */
		B936BFE3236CD9E2008EB833 /* Debug */ = {
			isa = XCBuildConfiguration;
			buildSettings = {
				ALWAYS_SEARCH_USER_PATHS = NO;
				CLANG_ANALYZER_NONNULL = YES;
				CLANG_ANALYZER_NUMBER_OBJECT_CONVERSION = YES_AGGRESSIVE;
				CLANG_CXX_LANGUAGE_STANDARD = "gnu++14";
				CLANG_CXX_LIBRARY = "libc++";
				CLANG_ENABLE_MODULES = YES;
				CLANG_ENABLE_OBJC_ARC = YES;
				CLANG_ENABLE_OBJC_WEAK = YES;
				CLANG_WARN_BLOCK_CAPTURE_AUTORELEASING = YES;
				CLANG_WARN_BOOL_CONVERSION = YES;
				CLANG_WARN_COMMA = YES;
				CLANG_WARN_CONSTANT_CONVERSION = YES;
				CLANG_WARN_DEPRECATED_OBJC_IMPLEMENTATIONS = YES;
				CLANG_WARN_DIRECT_OBJC_ISA_USAGE = YES_ERROR;
				CLANG_WARN_DOCUMENTATION_COMMENTS = YES;
				CLANG_WARN_EMPTY_BODY = YES;
				CLANG_WARN_ENUM_CONVERSION = YES;
				CLANG_WARN_INFINITE_RECURSION = YES;
				CLANG_WARN_INT_CONVERSION = YES;
				CLANG_WARN_NON_LITERAL_NULL_CONVERSION = YES;
				CLANG_WARN_OBJC_IMPLICIT_RETAIN_SELF = YES;
				CLANG_WARN_OBJC_LITERAL_CONVERSION = YES;
				CLANG_WARN_OBJC_ROOT_CLASS = YES_ERROR;
				CLANG_WARN_RANGE_LOOP_ANALYSIS = YES;
				CLANG_WARN_STRICT_PROTOTYPES = YES;
				CLANG_WARN_SUSPICIOUS_MOVE = YES;
				CLANG_WARN_UNGUARDED_AVAILABILITY = YES_AGGRESSIVE;
				CLANG_WARN_UNREACHABLE_CODE = YES;
				CLANG_WARN__DUPLICATE_METHOD_MATCH = YES;
				COPY_PHASE_STRIP = NO;
				DEBUG_INFORMATION_FORMAT = dwarf;
				ENABLE_STRICT_OBJC_MSGSEND = YES;
				ENABLE_TESTABILITY = YES;
				GCC_C_LANGUAGE_STANDARD = gnu11;
				GCC_DYNAMIC_NO_PIC = NO;
				GCC_NO_COMMON_BLOCKS = YES;
				GCC_OPTIMIZATION_LEVEL = 0;
				GCC_PREPROCESSOR_DEFINITIONS = (
					"DEBUG=1",
					"$(inherited)",
				);
				GCC_WARN_64_TO_32_BIT_CONVERSION = YES;
				GCC_WARN_ABOUT_RETURN_TYPE = YES_ERROR;
				GCC_WARN_UNDECLARED_SELECTOR = YES;
				GCC_WARN_UNINITIALIZED_AUTOS = YES_AGGRESSIVE;
				GCC_WARN_UNUSED_FUNCTION = YES;
				GCC_WARN_UNUSED_VARIABLE = YES;
				IPHONEOS_DEPLOYMENT_TARGET = 13.1;
				MTL_ENABLE_DEBUG_INFO = INCLUDE_SOURCE;
				MTL_FAST_MATH = YES;
				ONLY_ACTIVE_ARCH = YES;
				SDKROOT = iphoneos;
				SWIFT_ACTIVE_COMPILATION_CONDITIONS = DEBUG;
				SWIFT_OPTIMIZATION_LEVEL = "-Onone";
			};
			name = Debug;
		};
		B936BFE4236CD9E2008EB833 /* Release */ = {
			isa = XCBuildConfiguration;
			buildSettings = {
				ALWAYS_SEARCH_USER_PATHS = NO;
				CLANG_ANALYZER_NONNULL = YES;
				CLANG_ANALYZER_NUMBER_OBJECT_CONVERSION = YES_AGGRESSIVE;
				CLANG_CXX_LANGUAGE_STANDARD = "gnu++14";
				CLANG_CXX_LIBRARY = "libc++";
				CLANG_ENABLE_MODULES = YES;
				CLANG_ENABLE_OBJC_ARC = YES;
				CLANG_ENABLE_OBJC_WEAK = YES;
				CLANG_WARN_BLOCK_CAPTURE_AUTORELEASING = YES;
				CLANG_WARN_BOOL_CONVERSION = YES;
				CLANG_WARN_COMMA = YES;
				CLANG_WARN_CONSTANT_CONVERSION = YES;
				CLANG_WARN_DEPRECATED_OBJC_IMPLEMENTATIONS = YES;
				CLANG_WARN_DIRECT_OBJC_ISA_USAGE = YES_ERROR;
				CLANG_WARN_DOCUMENTATION_COMMENTS = YES;
				CLANG_WARN_EMPTY_BODY = YES;
				CLANG_WARN_ENUM_CONVERSION = YES;
				CLANG_WARN_INFINITE_RECURSION = YES;
				CLANG_WARN_INT_CONVERSION = YES;
				CLANG_WARN_NON_LITERAL_NULL_CONVERSION = YES;
				CLANG_WARN_OBJC_IMPLICIT_RETAIN_SELF = YES;
				CLANG_WARN_OBJC_LITERAL_CONVERSION = YES;
				CLANG_WARN_OBJC_ROOT_CLASS = YES_ERROR;
				CLANG_WARN_RANGE_LOOP_ANALYSIS = YES;
				CLANG_WARN_STRICT_PROTOTYPES = YES;
				CLANG_WARN_SUSPICIOUS_MOVE = YES;
				CLANG_WARN_UNGUARDED_AVAILABILITY = YES_AGGRESSIVE;
				CLANG_WARN_UNREACHABLE_CODE = YES;
				CLANG_WARN__DUPLICATE_METHOD_MATCH = YES;
				COPY_PHASE_STRIP = NO;
				DEBUG_INFORMATION_FORMAT = "dwarf-with-dsym";
				ENABLE_NS_ASSERTIONS = NO;
				ENABLE_STRICT_OBJC_MSGSEND = YES;
				GCC_C_LANGUAGE_STANDARD = gnu11;
				GCC_NO_COMMON_BLOCKS = YES;
				GCC_WARN_64_TO_32_BIT_CONVERSION = YES;
				GCC_WARN_ABOUT_RETURN_TYPE = YES_ERROR;
				GCC_WARN_UNDECLARED_SELECTOR = YES;
				GCC_WARN_UNINITIALIZED_AUTOS = YES_AGGRESSIVE;
				GCC_WARN_UNUSED_FUNCTION = YES;
				GCC_WARN_UNUSED_VARIABLE = YES;
				IPHONEOS_DEPLOYMENT_TARGET = 13.1;
				MTL_ENABLE_DEBUG_INFO = NO;
				MTL_FAST_MATH = YES;
				SDKROOT = iphoneos;
				SWIFT_COMPILATION_MODE = wholemodule;
				SWIFT_OPTIMIZATION_LEVEL = "-O";
				VALIDATE_PRODUCT = YES;
			};
			name = Release;
		};
		B936BFE6236CD9E2008EB833 /* Debug */ = {
			isa = XCBuildConfiguration;
			buildSettings = {
				ASSETCATALOG_COMPILER_APPICON_NAME = AppIcon;
				CODE_SIGN_STYLE = Automatic;
				DEVELOPMENT_TEAM = XANC98W5GA;
				INFOPLIST_FILE = redLuck/Info.plist;
				IPHONEOS_DEPLOYMENT_TARGET = 13.1;
				LD_RUNPATH_SEARCH_PATHS = (
					"$(inherited)",
					"@executable_path/Frameworks",
				);
				PRODUCT_BUNDLE_IDENTIFIER = com.arisZhuYiQing.redLuck;
				PRODUCT_NAME = "$(TARGET_NAME)";
				SWIFT_VERSION = 5.0;
				TARGETED_DEVICE_FAMILY = "1,2";
			};
			name = Debug;
		};
		B936BFE7236CD9E2008EB833 /* Release */ = {
			isa = XCBuildConfiguration;
			buildSettings = {
				ASSETCATALOG_COMPILER_APPICON_NAME = AppIcon;
				CODE_SIGN_STYLE = Automatic;
				DEVELOPMENT_TEAM = XANC98W5GA;
				INFOPLIST_FILE = redLuck/Info.plist;
				IPHONEOS_DEPLOYMENT_TARGET = 13.1;
				LD_RUNPATH_SEARCH_PATHS = (
					"$(inherited)",
					"@executable_path/Frameworks",
				);
				PRODUCT_BUNDLE_IDENTIFIER = com.arisZhuYiQing.redLuck;
				PRODUCT_NAME = "$(TARGET_NAME)";
				SWIFT_VERSION = 5.0;
				TARGETED_DEVICE_FAMILY = "1,2";
			};
			name = Release;
		};
		B936BFE9236CD9E2008EB833 /* Debug */ = {
			isa = XCBuildConfiguration;
			buildSettings = {
				ALWAYS_EMBED_SWIFT_STANDARD_LIBRARIES = YES;
				BUNDLE_LOADER = "$(TEST_HOST)";
				CODE_SIGN_STYLE = Automatic;
				DEVELOPMENT_TEAM = XANC98W5GA;
				INFOPLIST_FILE = redLuckTests/Info.plist;
				IPHONEOS_DEPLOYMENT_TARGET = 13.1;
				LD_RUNPATH_SEARCH_PATHS = (
					"$(inherited)",
					"@executable_path/Frameworks",
					"@loader_path/Frameworks",
				);
				PRODUCT_BUNDLE_IDENTIFIER = com.arisZhuYiQing.redLuckTests;
				PRODUCT_NAME = "$(TARGET_NAME)";
				SWIFT_VERSION = 5.0;
				TARGETED_DEVICE_FAMILY = "1,2";
				TEST_HOST = "$(BUILT_PRODUCTS_DIR)/redLuck.app/redLuck";
			};
			name = Debug;
		};
		B936BFEA236CD9E2008EB833 /* Release */ = {
			isa = XCBuildConfiguration;
			buildSettings = {
				ALWAYS_EMBED_SWIFT_STANDARD_LIBRARIES = YES;
				BUNDLE_LOADER = "$(TEST_HOST)";
				CODE_SIGN_STYLE = Automatic;
				DEVELOPMENT_TEAM = XANC98W5GA;
				INFOPLIST_FILE = redLuckTests/Info.plist;
				IPHONEOS_DEPLOYMENT_TARGET = 13.1;
				LD_RUNPATH_SEARCH_PATHS = (
					"$(inherited)",
					"@executable_path/Frameworks",
					"@loader_path/Frameworks",
				);
				PRODUCT_BUNDLE_IDENTIFIER = com.arisZhuYiQing.redLuckTests;
				PRODUCT_NAME = "$(TARGET_NAME)";
				SWIFT_VERSION = 5.0;
				TARGETED_DEVICE_FAMILY = "1,2";
				TEST_HOST = "$(BUILT_PRODUCTS_DIR)/redLuck.app/redLuck";
			};
			name = Release;
		};
		B936BFEC236CD9E2008EB833 /* Debug */ = {
			isa = XCBuildConfiguration;
			buildSettings = {
				ALWAYS_EMBED_SWIFT_STANDARD_LIBRARIES = YES;
				CODE_SIGN_STYLE = Automatic;
				DEVELOPMENT_TEAM = XANC98W5GA;
				INFOPLIST_FILE = redLuckUITests/Info.plist;
				LD_RUNPATH_SEARCH_PATHS = (
					"$(inherited)",
					"@executable_path/Frameworks",
					"@loader_path/Frameworks",
				);
				PRODUCT_BUNDLE_IDENTIFIER = com.arisZhuYiQing.redLuckUITests;
				PRODUCT_NAME = "$(TARGET_NAME)";
				SWIFT_VERSION = 5.0;
				TARGETED_DEVICE_FAMILY = "1,2";
				TEST_TARGET_NAME = redLuck;
			};
			name = Debug;
		};
		B936BFED236CD9E2008EB833 /* Release */ = {
			isa = XCBuildConfiguration;
			buildSettings = {
				ALWAYS_EMBED_SWIFT_STANDARD_LIBRARIES = YES;
				CODE_SIGN_STYLE = Automatic;
				DEVELOPMENT_TEAM = XANC98W5GA;
				INFOPLIST_FILE = redLuckUITests/Info.plist;
				LD_RUNPATH_SEARCH_PATHS = (
					"$(inherited)",
					"@executable_path/Frameworks",
					"@loader_path/Frameworks",
				);
				PRODUCT_BUNDLE_IDENTIFIER = com.arisZhuYiQing.redLuckUITests;
				PRODUCT_NAME = "$(TARGET_NAME)";
				SWIFT_VERSION = 5.0;
				TARGETED_DEVICE_FAMILY = "1,2";
				TEST_TARGET_NAME = redLuck;
			};
			name = Release;
		};
/* End XCBuildConfiguration section */

/* Begin XCConfigurationList section */
		B936BFB3236CD9E0008EB833 /* Build configuration list for PBXProject "redLuck" */ = {
			isa = XCConfigurationList;
			buildConfigurations = (
				B936BFE3236CD9E2008EB833 /* Debug */,
				B936BFE4236CD9E2008EB833 /* Release */,
			);
			defaultConfigurationIsVisible = 0;
			defaultConfigurationName = Release;
		};
		B936BFE5236CD9E2008EB833 /* Build configuration list for PBXNativeTarget "redLuck" */ = {
			isa = XCConfigurationList;
			buildConfigurations = (
				B936BFE6236CD9E2008EB833 /* Debug */,
				B936BFE7236CD9E2008EB833 /* Release */,
			);
			defaultConfigurationIsVisible = 0;
			defaultConfigurationName = Release;
		};
		B936BFE8236CD9E2008EB833 /* Build configuration list for PBXNativeTarget "redLuckTests" */ = {
			isa = XCConfigurationList;
			buildConfigurations = (
				B936BFE9236CD9E2008EB833 /* Debug */,
				B936BFEA236CD9E2008EB833 /* Release */,
			);
			defaultConfigurationIsVisible = 0;
			defaultConfigurationName = Release;
		};
		B936BFEB236CD9E2008EB833 /* Build configuration list for PBXNativeTarget "redLuckUITests" */ = {
			isa = XCConfigurationList;
			buildConfigurations = (
				B936BFEC236CD9E2008EB833 /* Debug */,
				B936BFED236CD9E2008EB833 /* Release */,
			);
			defaultConfigurationIsVisible = 0;
			defaultConfigurationName = Release;
		};
/* End XCConfigurationList section */

/* Begin XCVersionGroup section */
		B936BFC4236CD9E0008EB833 /* redLuck.xcdatamodeld */ = {
			isa = XCVersionGroup;
			children = (
				B936BFC5236CD9E0008EB833 /* redLuck.xcdatamodel */,
			);
			currentVersion = B936BFC5236CD9E0008EB833 /* redLuck.xcdatamodel */;
			path = redLuck.xcdatamodeld;
			sourceTree = "<group>";
			versionGroupType = wrapper.xcdatamodel;
		};
/* End XCVersionGroup section */
	};
	rootObject = B936BFB0236CD9E0008EB833 /* Project object */;
}
